
Microsoft Visual Studio Solution File, Format Version 12.00
# Visual Studio Version 17
VisualStudioVersion = 17.2.32516.85
MinimumVisualStudioVersion = 10.0.40219.1
Project("{FAE04EC0-301F-11D3-BF4B-00C04F79EFBC}") = "Span.Culturio.Api", "Span.Culturio.Api\Span.Culturio.Api.csproj", "{06DE934B-B913-45B5-A355-A8C73CFD557C}"
EndProject
Global
	GlobalSection(SolutionConfigurationPlatforms) = preSolution
		Debug|Any CPU = Debug|Any CPU
		Release|Any CPU = Release|Any CPU
	EndGlobalSection
	GlobalSection(ProjectConfigurationPlatforms) = postSolution
		{06DE934B-B913-45B5-A355-A8C73CFD557C}.Debug|Any CPU.ActiveCfg = Debug|Any CPU
		{06DE934B-B913-45B5-A355-A8C73CFD557C}.Debug|Any CPU.Build.0 = Debug|Any CPU
		{06DE934B-B913-45B5-A355-A8C73CFD557C}.Release|Any CPU.ActiveCfg = Release|Any CPU
		{06DE934B-B913-45B5-A355-A8C73CFD557C}.Release|Any CPU.Build.0 = Release|Any CPU
	EndGlobalSection
	GlobalSection(SolutionProperties) = preSolution
		HideSolutionNode = FALSE
	EndGlobalSection
	GlobalSection(ExtensibilityGlobals) = postSolution
		SolutionGuid = {0C260F09-6A8D-44A0-BFC6-E0B5E58C56F6}
	EndGlobalSection
EndGlobal
